
Microsoft Visual Studio Solution File, Format Version 12.00
# Visual Studio Version 17
VisualStudioVersion = 17.8.34316.72
MinimumVisualStudioVersion = 10.0.40219.1
Project("{FAE04EC0-301F-11D3-BF4B-00C04F79EFBC}") = "YukkuriMovieMaker4SoVitsSvcFork", "YukkuriMovieMaker4SoVitsSvcFork\YukkuriMovieMaker4SoVitsSvcFork.csproj", "{CD5385BD-6A00-449A-AABF-E4CEE0334D40}"
EndProject
Global
	GlobalSection(SolutionConfigurationPlatforms) = preSolution
		Debug|Any CPU = Debug|Any CPU
		Release|Any CPU = Release|Any CPU
	EndGlobalSection
	GlobalSection(ProjectConfigurationPlatforms) = postSolution
		{CD5385BD-6A00-449A-AABF-E4CEE0334D40}.Debug|Any CPU.ActiveCfg = Debug|Any CPU
		{CD5385BD-6A00-449A-AABF-E4CEE0334D40}.Debug|Any CPU.Build.0 = Debug|Any CPU
		{CD5385BD-6A00-449A-AABF-E4CEE0334D40}.Release|Any CPU.ActiveCfg = Release|Any CPU
		{CD5385BD-6A00-449A-AABF-E4CEE0334D40}.Release|Any CPU.Build.0 = Release|Any CPU
	EndGlobalSection
	GlobalSection(SolutionProperties) = preSolution
		HideSolutionNode = FALSE
	EndGlobalSection
	GlobalSection(ExtensibilityGlobals) = postSolution
		SolutionGuid = {5B3410F1-59C4-46C7-BBC1-7B2DEBD895B1}
	EndGlobalSection
EndGlobal
